// !$*UTF8*$!
{
	archiveVersion = 1;
	classes = {
	};
	objectVersion = 55;
	objects = {

/* Begin PBXBuildFile section */
		2C1F98C82756540E001BA04B /* AppDelegate.swift in Sources */ = {isa = PBXBuildFile; fileRef = 2C1F98C72756540E001BA04B /* AppDelegate.swift */; };
		2C1F98CA2756540E001BA04B /* SceneDelegate.swift in Sources */ = {isa = PBXBuildFile; fileRef = 2C1F98C92756540E001BA04B /* SceneDelegate.swift */; };
		2C1F98CC2756540E001BA04B /* ViewController.swift in Sources */ = {isa = PBXBuildFile; fileRef = 2C1F98CB2756540E001BA04B /* ViewController.swift */; };
		2C1F98CF2756540E001BA04B /* Main.storyboard in Resources */ = {isa = PBXBuildFile; fileRef = 2C1F98CD2756540E001BA04B /* Main.storyboard */; };
		2C1F98D127565413001BA04B /* Assets.xcassets in Resources */ = {isa = PBXBuildFile; fileRef = 2C1F98D027565413001BA04B /* Assets.xcassets */; };
		2C1F98D427565413001BA04B /* LaunchScreen.storyboard in Resources */ = {isa = PBXBuildFile; fileRef = 2C1F98D227565413001BA04B /* LaunchScreen.storyboard */; };
		2CC7EF8C27576CFF00EC1436 /* AVAsset+Extension.swift in Sources */ = {isa = PBXBuildFile; fileRef = 2CC7EF8B27576CFE00EC1436 /* AVAsset+Extension.swift */; };
		2CC7EF8E27576D4500EC1436 /* production ID_5102663.mov in Resources */ = {isa = PBXBuildFile; fileRef = 2CC7EF8D27576D4400EC1436 /* production ID_5102663.mov */; };
/* End PBXBuildFile section */

/* Begin PBXFileReference section */
		2C1F98C42756540E001BA04B /* thumbnails-from-video.app */ = {isa = PBXFileReference; explicitFileType = wrapper.application; includeInIndex = 0; path = "thumbnails-from-video.app"; sourceTree = BUILT_PRODUCTS_DIR; };
		2C1F98C72756540E001BA04B /* AppDelegate.swift */ = {isa = PBXFileReference; lastKnownFileType = sourcecode.swift; path = AppDelegate.swift; sourceTree = "<group>"; };
		2C1F98C92756540E001BA04B /* SceneDelegate.swift */ = {isa = PBXFileReference; lastKnownFileType = sourcecode.swift; path = SceneDelegate.swift; sourceTree = "<group>"; };
		2C1F98CB2756540E001BA04B /* ViewController.swift */ = {isa = PBXFileReference; lastKnownFileType = sourcecode.swift; path = ViewController.swift; sourceTree = "<group>"; };
		2C1F98CE2756540E001BA04B /* Base */ = {isa = PBXFileReference; lastKnownFileType = file.storyboard; name = Base; path = Base.lproj/Main.storyboard; sourceTree = "<group>"; };
		2C1F98D027565413001BA04B /* Assets.xcassets */ = {isa = PBXFileReference; lastKnownFileType = folder.assetcatalog; path = Assets.xcassets; sourceTree = "<group>"; };
		2C1F98D327565413001BA04B /* Base */ = {isa = PBXFileReference; lastKnownFileType = file.storyboard; name = Base; path = Base.lproj/LaunchScreen.storyboard; sourceTree = "<group>"; };
		2C1F98D527565413001BA04B /* Info.plist */ = {isa = PBXFileReference; lastKnownFileType = text.plist.xml; path = Info.plist; sourceTree = "<group>"; };
		2CC7EF8B27576CFE00EC1436 /* AVAsset+Extension.swift */ = {isa = PBXFileReference; lastKnownFileType = sourcecode.swift; path = "AVAsset+Extension.swift"; sourceTree = "<group>"; };
		2CC7EF8D27576D4400EC1436 /* production ID_5102663.mov */ = {isa = PBXFileReference; lastKnownFileType = video.quicktime; path = "production ID_5102663.mov"; sourceTree = "<group>"; };
/* End PBXFileReference section */

/* Begin PBXFrameworksBuildPhase section */
		2C1F98C12756540E001BA04B /* Frameworks */ = {
			isa = PBXFrameworksBuildPhase;
			buildActionMask = 2147483647;
			files = (
			);
			runOnlyForDeploymentPostprocessing = 0;
		};
/* End PBXFrameworksBuildPhase section */

/* Begin PBXGroup section */
		2C1F98BB2756540E001BA04B = {
			isa = PBXGroup;
			children = (
				2C1F98C62756540E001BA04B /* thumbnails-from-video */,
				2C1F98C52756540E001BA04B /* Products */,
			);
			sourceTree = "<group>";
		};
		2C1F98C52756540E001BA04B /* Products */ = {
			isa = PBXGroup;
			children = (
				2C1F98C42756540E001BA04B /* thumbnails-from-video.app */,
			);
			name = Products;
			sourceTree = "<group>";
		};
		2C1F98C62756540E001BA04B /* thumbnails-from-video */ = {
			isa = PBXGroup;
			children = (
				2C1F98C72756540E001BA04B /* AppDelegate.swift */,
				2C1F98C92756540E001BA04B /* SceneDelegate.swift */,
				2C1F98CB2756540E001BA04B /* ViewController.swift */,
				2CC7EF8B27576CFE00EC1436 /* AVAsset+Extension.swift */,
				2C1F98CD2756540E001BA04B /* Main.storyboard */,
				2C1F98D027565413001BA04B /* Assets.xcassets */,
				2C1F98D227565413001BA04B /* LaunchScreen.storyboard */,
				2C1F98D527565413001BA04B /* Info.plist */,
				2CC7EF8D27576D4400EC1436 /* production ID_5102663.mov */,
			);
			path = "thumbnails-from-video";
			sourceTree = "<group>";
		};
/* End PBXGroup section */

/* Begin PBXNativeTarget section */
		2C1F98C32756540E001BA04B /* thumbnails-from-video */ = {
			isa = PBXNativeTarget;
			buildConfigurationList = 2C1F98D827565413001BA04B /* Build configuration list for PBXNativeTarget "thumbnails-from-video" */;
			buildPhases = (
				2C1F98C02756540E001BA04B /* Sources */,
				2C1F98C12756540E001BA04B /* Frameworks */,
				2C1F98C22756540E001BA04B /* Resources */,
			);
			buildRules = (
			);
			dependencies = (
			);
			name = "thumbnails-from-video";
			productName = "thumbnails-from-video";
			productReference = 2C1F98C42756540E001BA04B /* thumbnails-from-video.app */;
			productType = "com.apple.product-type.application";
		};
/* End PBXNativeTarget section */

/* Begin PBXProject section */
		2C1F98BC2756540E001BA04B /* Project object */ = {
			isa = PBXProject;
			attributes = {
				BuildIndependentTargetsInParallel = 1;
				LastSwiftUpdateCheck = 1310;
				LastUpgradeCheck = 1310;
				TargetAttributes = {
					2C1F98C32756540E001BA04B = {
						CreatedOnToolsVersion = 13.1;
					};
				};
			};
			buildConfigurationList = 2C1F98BF2756540E001BA04B /* Build configuration list for PBXProject "thumbnails-from-video" */;
			compatibilityVersion = "Xcode 13.0";
			developmentRegion = en;
			hasScannedForEncodings = 0;
			knownRegions = (
				en,
				Base,
			);
			mainGroup = 2C1F98BB2756540E001BA04B;
			productRefGroup = 2C1F98C52756540E001BA04B /* Products */;
			projectDirPath = "";
			projectRoot = "";
			targets = (
				2C1F98C32756540E001BA04B /* thumbnails-from-video */,
			);
		};
/* End PBXProject section */

/* Begin PBXResourcesBuildPhase section */
		2C1F98C22756540E001BA04B /* Resources */ = {
			isa = PBXResourcesBuildPhase;
			buildActionMask = 2147483647;
			files = (
				2C1F98D427565413001BA04B /* LaunchScreen.storyboard in Resources */,
				2C1F98D127565413001BA04B /* Assets.xcassets in Resources */,
				2C1F98CF2756540E001BA04B /* Main.storyboard in Resources */,
				2CC7EF8E27576D4500EC1436 /* production ID_5102663.mov in Resources */,
			);
			runOnlyForDeploymentPostprocessing = 0;
		};
/* End PBXResourcesBuildPhase section */

/* Begin PBXSourcesBuildPhase section */
		2C1F98C02756540E001BA04B /* Sources */ = {
			isa = PBXSourcesBuildPhase;
			buildActionMask = 2147483647;
			files = (
				2C1F98CC2756540E001BA04B /* ViewController.swift in Sources */,
				2CC7EF8C27576CFF00EC1436 /* AVAsset+Extension.swift in Sources */,
				2C1F98C82756540E001BA04B /* AppDelegate.swift in Sources */,
				2C1F98CA2756540E001BA04B /* SceneDelegate.swift in Sources */,
			);
			runOnlyForDeploymentPostprocessing = 0;
		};
/* End PBXSourcesBuildPhase section */

/* Begin PBXVariantGroup section */
		2C1F98CD2756540E001BA04B /* Main.storyboard */ = {
			isa = PBXVariantGroup;
			children = (
				2C1F98CE2756540E001BA04B /* Base */,
			);
			name = Main.storyboard;
			sourceTree = "<group>";
		};
		2C1F98D227565413001BA04B /* LaunchScreen.storyboard */ = {
			isa = PBXVariantGroup;
			children = (
				2C1F98D327565413001BA04B /* Base */,
			);
			name = LaunchScreen.storyboard;
			sourceTree = "<group>";
		};
/* End PBXVariantGroup section */

/* Begin XCBuildConfiguration section */
		2C1F98D627565413001BA04B /* Debug */ = {
			isa = XCBuildConfiguration;
			buildSettings = {
				ALWAYS_SEARCH_USER_PATHS = NO;
				CLANG_ANALYZER_NONNULL = YES;
				CLANG_ANALYZER_NUMBER_OBJECT_CONVERSION = YES_AGGRESSIVE;
				CLANG_CXX_LANGUAGE_STANDARD = "gnu++17";
				CLANG_CXX_LIBRARY = "libc++";
				CLANG_ENABLE_MODULES = YES;
				CLANG_ENABLE_OBJC_ARC = YES;
				CLANG_ENABLE_OBJC_WEAK = YES;
				CLANG_WARN_BLOCK_CAPTURE_AUTORELEASING = YES;
				CLANG_WARN_BOOL_CONVERSION = YES;
				CLANG_WARN_COMMA = YES;
				CLANG_WARN_CONSTANT_CONVERSION = YES;
				CLANG_WARN_DEPRECATED_OBJC_IMPLEMENTATIONS = YES;
				CLANG_WARN_DIRECT_OBJC_ISA_USAGE = YES_ERROR;
				CLANG_WARN_DOCUMENTATION_COMMENTS = YES;
				CLANG_WARN_EMPTY_BODY = YES;
				CLANG_WARN_ENUM_CONVERSION = YES;
				CLANG_WARN_INFINITE_RECURSION = YES;
				CLANG_WARN_INT_CONVERSION = YES;
				CLANG_WARN_NON_LITERAL_NULL_CONVERSION = YES;
				CLANG_WARN_OBJC_IMPLICIT_RETAIN_SELF = YES;
				CLANG_WARN_OBJC_LITERAL_CONVERSION = YES;
				CLANG_WARN_OBJC_ROOT_CLASS = YES_ERROR;
				CLANG_WARN_QUOTED_INCLUDE_IN_FRAMEWORK_HEADER = YES;
				CLANG_WARN_RANGE_LOOP_ANALYSIS = YES;
				CLANG_WARN_STRICT_PROTOTYPES = YES;
				CLANG_WARN_SUSPICIOUS_MOVE = YES;
				CLANG_WARN_UNGUARDED_AVAILABILITY = YES_AGGRESSIVE;
				CLANG_WARN_UNREACHABLE_CODE = YES;
				CLANG_WARN__DUPLICATE_METHOD_MATCH = YES;
				COPY_PHASE_STRIP = NO;
				DEBUG_INFORMATION_FORMAT = dwarf;
				ENABLE_STRICT_OBJC_MSGSEND = YES;
				ENABLE_TESTABILITY = YES;
				GCC_C_LANGUAGE_STANDARD = gnu11;
				GCC_DYNAMIC_NO_PIC = NO;
				GCC_NO_COMMON_BLOCKS = YES;
				GCC_OPTIMIZATION_LEVEL = 0;
				GCC_PREPROCESSOR_DEFINITIONS = (
					"DEBUG=1",
					"$(inherited)",
				);
				GCC_WARN_64_TO_32_BIT_CONVERSION = YES;
				GCC_WARN_ABOUT_RETURN_TYPE = YES_ERROR;
				GCC_WARN_UNDECLARED_SELECTOR = YES;
				GCC_WARN_UNINITIALIZED_AUTOS = YES_AGGRESSIVE;
				GCC_WARN_UNUSED_FUNCTION = YES;
				GCC_WARN_UNUSED_VARIABLE = YES;
				IPHONEOS_DEPLOYMENT_TARGET = 15.0;
				MTL_ENABLE_DEBUG_INFO = INCLUDE_SOURCE;
				MTL_FAST_MATH = YES;
				ONLY_ACTIVE_ARCH = YES;
				SDKROOT = iphoneos;
				SWIFT_ACTIVE_COMPILATION_CONDITIONS = DEBUG;
				SWIFT_OPTIMIZATION_LEVEL = "-Onone";
			};
			name = Debug;
		};
		2C1F98D727565413001BA04B /* Release */ = {
			isa = XCBuildConfiguration;
			buildSettings = {
				ALWAYS_SEARCH_USER_PATHS = NO;
				CLANG_ANALYZER_NONNULL = YES;
				CLANG_ANALYZER_NUMBER_OBJECT_CONVERSION = YES_AGGRESSIVE;
				CLANG_CXX_LANGUAGE_STANDARD = "gnu++17";
				CLANG_CXX_LIBRARY = "libc++";
				CLANG_ENABLE_MODULES = YES;
				CLANG_ENABLE_OBJC_ARC = YES;
				CLANG_ENABLE_OBJC_WEAK = YES;
				CLANG_WARN_BLOCK_CAPTURE_AUTORELEASING = YES;
				CLANG_WARN_BOOL_CONVERSION = YES;
				CLANG_WARN_COMMA = YES;
				CLANG_WARN_CONSTANT_CONVERSION = YES;
				CLANG_WARN_DEPRECATED_OBJC_IMPLEMENTATIONS = YES;
				CLANG_WARN_DIRECT_OBJC_ISA_USAGE = YES_ERROR;
				CLANG_WARN_DOCUMENTATION_COMMENTS = YES;
				CLANG_WARN_EMPTY_BODY = YES;
				CLANG_WARN_ENUM_CONVERSION = YES;
				CLANG_WARN_INFINITE_RECURSION = YES;
				CLANG_WARN_INT_CONVERSION = YES;
				CLANG_WARN_NON_LITERAL_NULL_CONVERSION = YES;
				CLANG_WARN_OBJC_IMPLICIT_RETAIN_SELF = YES;
				CLANG_WARN_OBJC_LITERAL_CONVERSION = YES;
				CLANG_WARN_OBJC_ROOT_CLASS = YES_ERROR;
				CLANG_WARN_QUOTED_INCLUDE_IN_FRAMEWORK_HEADER = YES;
				CLANG_WARN_RANGE_LOOP_ANALYSIS = YES;
				CLANG_WARN_STRICT_PROTOTYPES = YES;
				CLANG_WARN_SUSPICIOUS_MOVE = YES;
				CLANG_WARN_UNGUARDED_AVAILABILITY = YES_AGGRESSIVE;
				CLANG_WARN_UNREACHABLE_CODE = YES;
				CLANG_WARN__DUPLICATE_METHOD_MATCH = YES;
				COPY_PHASE_STRIP = NO;
				DEBUG_INFORMATION_FORMAT = "dwarf-with-dsym";
				ENABLE_NS_ASSERTIONS = NO;
				ENABLE_STRICT_OBJC_MSGSEND = YES;
				GCC_C_LANGUAGE_STANDARD = gnu11;
				GCC_NO_COMMON_BLOCKS = YES;
				GCC_WARN_64_TO_32_BIT_CONVERSION = YES;
				GCC_WARN_ABOUT_RETURN_TYPE = YES_ERROR;
				GCC_WARN_UNDECLARED_SELECTOR = YES;
				GCC_WARN_UNINITIALIZED_AUTOS = YES_AGGRESSIVE;
				GCC_WARN_UNUSED_FUNCTION = YES;
				GCC_WARN_UNUSED_VARIABLE = YES;
				IPHONEOS_DEPLOYMENT_TARGET = 15.0;
				MTL_ENABLE_DEBUG_INFO = NO;
				MTL_FAST_MATH = YES;
				SDKROOT = iphoneos;
				SWIFT_COMPILATION_MODE = wholemodule;
				SWIFT_OPTIMIZATION_LEVEL = "-O";
				VALIDATE_PRODUCT = YES;
			};
			name = Release;
		};
		2C1F98D927565413001BA04B /* Debug */ = {
			isa = XCBuildConfiguration;
			buildSettings = {
				ASSETCATALOG_COMPILER_APPICON_NAME = AppIcon;
				ASSETCATALOG_COMPILER_GLOBAL_ACCENT_COLOR_NAME = AccentColor;
				CODE_SIGN_STYLE = Automatic;
				CURRENT_PROJECT_VERSION = 1;
				DEVELOPMENT_TEAM = 2DP7F344NX;
				GENERATE_INFOPLIST_FILE = YES;
				INFOPLIST_FILE = "thumbnails-from-video/Info.plist";
				INFOPLIST_KEY_UIApplicationSupportsIndirectInputEvents = YES;
				INFOPLIST_KEY_UILaunchStoryboardName = LaunchScreen;
				INFOPLIST_KEY_UIMainStoryboardFile = Main;
				INFOPLIST_KEY_UISupportedInterfaceOrientations_iPad = "UIInterfaceOrientationPortrait UIInterfaceOrientationPortraitUpsideDown UIInterfaceOrientationLandscapeLeft UIInterfaceOrientationLandscapeRight";
				INFOPLIST_KEY_UISupportedInterfaceOrientations_iPhone = "UIInterfaceOrientationPortrait UIInterfaceOrientationLandscapeLeft UIInterfaceOrientationLandscapeRight";
				LD_RUNPATH_SEARCH_PATHS = (
					"$(inherited)",
					"@executable_path/Frameworks",
				);
				MARKETING_VERSION = 1.0;
				PRODUCT_BUNDLE_IDENTIFIER = "no.aboveapps.thumbnails-from-video";
				PRODUCT_NAME = "$(TARGET_NAME)";
				SWIFT_EMIT_LOC_STRINGS = YES;
				SWIFT_VERSION = 5.0;
				TARGETED_DEVICE_FAMILY = "1,2";
			};
			name = Debug;
		};
		2C1F98DA27565413001BA04B /* Release */ = {
			isa = XCBuildConfiguration;
			buildSettings = {
				ASSETCATALOG_COMPILER_APPICON_NAME = AppIcon;
				ASSETCATALOG_COMPILER_GLOBAL_ACCENT_COLOR_NAME = AccentColor;
				CODE_SIGN_STYLE = Automatic;
				CURRENT_PROJECT_VERSION = 1;
				DEVELOPMENT_TEAM = 2DP7F344NX;
				GENERATE_INFOPLIST_FILE = YES;
				INFOPLIST_FILE = "thumbnails-from-video/Info.plist";
				INFOPLIST_KEY_UIApplicationSupportsIndirectInputEvents = YES;
				INFOPLIST_KEY_UILaunchStoryboardName = LaunchScreen;
				INFOPLIST_KEY_UIMainStoryboardFile = Main;
				INFOPLIST_KEY_UISupportedInterfaceOrientations_iPad = "UIInterfaceOrientationPortrait UIInterfaceOrientationPortraitUpsideDown UIInterfaceOrientationLandscapeLeft UIInterfaceOrientationLandscapeRight";
				INFOPLIST_KEY_UISupportedInterfaceOrientations_iPhone = "UIInterfaceOrientationPortrait UIInterfaceOrientationLandscapeLeft UIInterfaceOrientationLandscapeRight";
				LD_RUNPATH_SEARCH_PATHS = (
					"$(inherited)",
					"@executable_path/Frameworks",
				);
				MARKETING_VERSION = 1.0;
				PRODUCT_BUNDLE_IDENTIFIER = "no.aboveapps.thumbnails-from-video";
				PRODUCT_NAME = "$(TARGET_NAME)";
				SWIFT_EMIT_LOC_STRINGS = YES;
				SWIFT_VERSION = 5.0;
				TARGETED_DEVICE_FAMILY = "1,2";
			};
			name = Release;
		};
/* End XCBuildConfiguration section */

/* Begin XCConfigurationList section */
		2C1F98BF2756540E001BA04B /* Build configuration list for PBXProject "thumbnails-from-video" */ = {
			isa = XCConfigurationList;
			buildConfigurations = (
				2C1F98D627565413001BA04B /* Debug */,
				2C1F98D727565413001BA04B /* Release */,
			);
			defaultConfigurationIsVisible = 0;
			defaultConfigurationName = Release;
		};
		2C1F98D827565413001BA04B /* Build configuration list for PBXNativeTarget "thumbnails-from-video" */ = {
			isa = XCConfigurationList;
			buildConfigurations = (
				2C1F98D927565413001BA04B /* Debug */,
				2C1F98DA27565413001BA04B /* Release */,
			);
			defaultConfigurationIsVisible = 0;
			defaultConfigurationName = Release;
		};
/* End XCConfigurationList section */
	};
	rootObject = 2C1F98BC2756540E001BA04B /* Project object */;
}
